
Microsoft Visual Studio Solution File, Format Version 12.00
# Visual Studio Version 17
VisualStudioVersion = 17.4.32804.182
MinimumVisualStudioVersion = 10.0.40219.1
Project("{8BC9CEB8-8B4A-11D0-8D11-00A0C91BC942}") = "WICExplorer", "src\WICExplorer.vcxproj", "{68ED6FAE-290E-483A-8D90-6E59BAFBC3C9}"
EndProject
Project("{2150E333-8FDC-42A3-9474-1A3956D46DE8}") = "Solution Items", "Solution Items", "{EFF3E912-976A-4266-B528-B581BADE34A3}"
	ProjectSection(SolutionItems) = preProject
		.gitignore = .gitignore
		default.ruleset = default.ruleset
		default.ruleset.md = default.ruleset.md
		description.html = description.html
		Directory.Build.props = Directory.Build.props
		LICENSE.md = LICENSE.md
		Readme.md = Readme.md
	EndProjectSection
EndProject
Project("{8BC9CEB8-8B4A-11D0-8D11-00A0C91BC942}") = "GenerateHeaderUnits", "generate-header-units\GenerateHeaderUnits.vcxproj", "{7B23FCCF-1559-426D-AE55-95D0D6BD352B}"
EndProject
Global
	GlobalSection(SolutionConfigurationPlatforms) = preSolution
		Debug|ARM64 = Debug|ARM64
		Debug|x64 = Debug|x64
		Debug|x86 = Debug|x86
		Release|ARM64 = Release|ARM64
		Release|x64 = Release|x64
		Release|x86 = Release|x86
	EndGlobalSection
	GlobalSection(ProjectConfigurationPlatforms) = postSolution
		{68ED6FAE-290E-483A-8D90-6E59BAFBC3C9}.Debug|ARM64.ActiveCfg = Debug|ARM64
		{68ED6FAE-290E-483A-8D90-6E59BAFBC3C9}.Debug|ARM64.Build.0 = Debug|ARM64
		{68ED6FAE-290E-483A-8D90-6E59BAFBC3C9}.Debug|x64.ActiveCfg = Debug|x64
		{68ED6FAE-290E-483A-8D90-6E59BAFBC3C9}.Debug|x64.Build.0 = Debug|x64
		{68ED6FAE-290E-483A-8D90-6E59BAFBC3C9}.Debug|x86.ActiveCfg = Debug|Win32
		{68ED6FAE-290E-483A-8D90-6E59BAFBC3C9}.Debug|x86.Build.0 = Debug|Win32
		{68ED6FAE-290E-483A-8D90-6E59BAFBC3C9}.Release|ARM64.ActiveCfg = Release|ARM64
		{68ED6FAE-290E-483A-8D90-6E59BAFBC3C9}.Release|ARM64.Build.0 = Release|ARM64
		{68ED6FAE-290E-483A-8D90-6E59BAFBC3C9}.Release|x64.ActiveCfg = Release|x64
		{68ED6FAE-290E-483A-8D90-6E59BAFBC3C9}.Release|x64.Build.0 = Release|x64
		{68ED6FAE-290E-483A-8D90-6E59BAFBC3C9}.Release|x86.ActiveCfg = Release|Win32
		{68ED6FAE-290E-483A-8D90-6E59BAFBC3C9}.Release|x86.Build.0 = Release|Win32
		{7B23FCCF-1559-426D-AE55-95D0D6BD352B}.Debug|ARM64.ActiveCfg = Debug|ARM64
		{7B23FCCF-1559-426D-AE55-95D0D6BD352B}.Debug|ARM64.Build.0 = Debug|ARM64
		{7B23FCCF-1559-426D-AE55-95D0D6BD352B}.Debug|x64.ActiveCfg = Debug|x64
		{7B23FCCF-1559-426D-AE55-95D0D6BD352B}.Debug|x64.Build.0 = Debug|x64
		{7B23FCCF-1559-426D-AE55-95D0D6BD352B}.Debug|x86.ActiveCfg = Debug|Win32
		{7B23FCCF-1559-426D-AE55-95D0D6BD352B}.Debug|x86.Build.0 = Debug|Win32
		{7B23FCCF-1559-426D-AE55-95D0D6BD352B}.Release|ARM64.ActiveCfg = Release|ARM64
		{7B23FCCF-1559-426D-AE55-95D0D6BD352B}.Release|ARM64.Build.0 = Release|ARM64
		{7B23FCCF-1559-426D-AE55-95D0D6BD352B}.Release|x64.ActiveCfg = Release|x64
		{7B23FCCF-1559-426D-AE55-95D0D6BD352B}.Release|x64.Build.0 = Release|x64
		{7B23FCCF-1559-426D-AE55-95D0D6BD352B}.Release|x86.ActiveCfg = Release|Win32
		{7B23FCCF-1559-426D-AE55-95D0D6BD352B}.Release|x86.Build.0 = Release|Win32
	EndGlobalSection
	GlobalSection(SolutionProperties) = preSolution
		HideSolutionNode = FALSE
	EndGlobalSection
	GlobalSection(ExtensibilityGlobals) = postSolution
		SolutionGuid = {1C4FA93A-893A-403A-A01C-75D37A0DF059}
	EndGlobalSection
EndGlobal
